
Microsoft Visual Studio Solution File, Format Version 12.00
# Visual Studio Version 17
VisualStudioVersion = 17.5.2.0
MinimumVisualStudioVersion = 10.0.40219.1
Project("{2150E333-8FDC-42A3-9474-1A3956D46DE8}") = "1. 基础状态机", "1. 基础状态机", "{50D5E9AB-ACC2-0C1C-3811-1E64012B7F9B}"
EndProject
Project("{FAE04EC0-301F-11D3-BF4B-00C04F79EFBC}") = "StatePattern", "1. 基础状态机\StatePattern.csproj", "{5BEBA211-02BD-EDB8-958B-6C6D1363FEB6}"
EndProject
Global
	GlobalSection(SolutionConfigurationPlatforms) = preSolution
		Debug|Any CPU = Debug|Any CPU
		Release|Any CPU = Release|Any CPU
	EndGlobalSection
	GlobalSection(ProjectConfigurationPlatforms) = postSolution
		{5BEBA211-02BD-EDB8-958B-6C6D1363FEB6}.Debug|Any CPU.ActiveCfg = Debug|Any CPU
		{5BEBA211-02BD-EDB8-958B-6C6D1363FEB6}.Debug|Any CPU.Build.0 = Debug|Any CPU
		{5BEBA211-02BD-EDB8-958B-6C6D1363FEB6}.Release|Any CPU.ActiveCfg = Release|Any CPU
		{5BEBA211-02BD-EDB8-958B-6C6D1363FEB6}.Release|Any CPU.Build.0 = Release|Any CPU
	EndGlobalSection
	GlobalSection(SolutionProperties) = preSolution
		HideSolutionNode = FALSE
	EndGlobalSection
	GlobalSection(NestedProjects) = preSolution
		{5BEBA211-02BD-EDB8-958B-6C6D1363FEB6} = {50D5E9AB-ACC2-0C1C-3811-1E64012B7F9B}
	EndGlobalSection
	GlobalSection(ExtensibilityGlobals) = postSolution
		SolutionGuid = {9E493589-1F5E-47B8-A681-FC19E07349F7}
	EndGlobalSection
EndGlobal
